<?xml version="1.0" encoding="utf-8"?>
<Project ToolsVersion="4.0" xmlns="http://schemas.microsoft.com/developer/msbuild/2003">
  <ItemGroup>
    <ClCompile Include="Framework\SceneMgr.cpp">
      <Filter>Framework</Filter>
    </ClCompile>
    <ClCompile Include="SceneGame.cpp">
      <Filter>Framework</Filter>
    </ClCompile>
    <ClCompile Include="Framework\SceneDev2.cpp">
      <Filter>Framework</Filter>
    </ClCompile>
    <ClCompile Include="Framework\SceneDev1.cpp">
      <Filter>Framework</Filter>
    </ClCompile>
    <ClCompile Include="Framework\Scene.cpp">
      <Filter>Framework</Filter>
    </ClCompile>
    <ClCompile Include="Framework\main.cpp">
      <Filter>Framework</Filter>
    </ClCompile>
    <ClCompile Include="Framework\InputMgr.cpp">
      <Filter>Framework</Filter>
    </ClCompile>
    <ClCompile Include="Framework\HitBox.cpp">
      <Filter>Framework</Filter>
    </ClCompile>
    <ClCompile Include="Framework\GameObject.cpp">
      <Filter>Framework</Filter>
    </ClCompile>
    <ClCompile Include="Framework\Framework.cpp">
      <Filter>Framework</Filter>
    </ClCompile>
    <ClCompile Include="Framework\DebugBox.cpp">
      <Filter>Framework</Filter>
    </ClCompile>
    <ClCompile Include="Framework\SpriteGo.cpp">
      <Filter>Framework</Filter>
    </ClCompile>
    <ClCompile Include="Framework\stdafx.cpp">
      <Filter>Framework</Filter>
    </ClCompile>
    <ClCompile Include="Framework\TextGo.cpp">
      <Filter>Framework</Filter>
    </ClCompile>
    <ClCompile Include="Framework\Utils.cpp">
      <Filter>Framework</Filter>
    </ClCompile>
    <ClCompile Include="Framework\Variables.cpp">
      <Filter>Framework</Filter>
    </ClCompile>
    <ClCompile Include="AniPlayer.cpp" />
    <ClCompile Include="AniPlayer2.cpp" />
    <ClCompile Include="Framework\UiHud.cpp">
      <Filter>Framework</Filter>
    </ClCompile>
    <ClCompile Include="Framework\AnimationClip.cpp">
      <Filter>Framework</Filter>
    </ClCompile>
    <ClCompile Include="Framework\Animator.cpp">
      <Filter>Framework</Filter>
    </ClCompile>
    <ClCompile Include="Framework\DataTable.cpp">
      <Filter>Framework</Filter>
    </ClCompile>
    <ClCompile Include="Framework\DataTableMgr.cpp">
      <Filter>Framework</Filter>
    </ClCompile>
    <ClCompile Include="Framework\SoundMgr.cpp">
      <Filter>Framework</Filter>
    </ClCompile>
    <ClCompile Include="Framework\StringTable.cpp">
      <Filter>Framework</Filter>
    </ClCompile>
    <ClCompile Include="Framework\TileMap.cpp">
      <Filter>Framework</Filter>
    </ClCompile>
    <ClCompile Include="Item.cpp" />
    <ClCompile Include="ItemTable.cpp" />
    <ClCompile Include="Player.cpp" />
    <ClCompile Include="Enemy.cpp" />
    <ClCompile Include="EnemyTable.cpp" />
  </ItemGroup>
  <ItemGroup>
    <ClInclude Include="Framework\SpawnArea.hpp">
      <Filter>Framework</Filter>
    </ClInclude>
    <ClInclude Include="Framework\Singleton.h">
      <Filter>Framework</Filter>
    </ClInclude>
    <ClInclude Include="Framework\SceneMgr.h">
      <Filter>Framework</Filter>
    </ClInclude>
    <ClInclude Include="SceneGame.h">
      <Filter>Framework</Filter>
    </ClInclude>
    <ClInclude Include="Framework\SceneDev2.h">
      <Filter>Framework</Filter>
    </ClInclude>
    <ClInclude Include="Framework\SceneDev1.h">
      <Filter>Framework</Filter>
    </ClInclude>
    <ClInclude Include="Framework\Scene.h">
      <Filter>Framework</Filter>
    </ClInclude>
    <ClInclude Include="Framework\ResourceMgr.h">
      <Filter>Framework</Filter>
    </ClInclude>
    <ClInclude Include="Framework\ObjectPool.h">
      <Filter>Framework</Filter>
    </ClInclude>
    <ClInclude Include="Framework\InputMgr.h">
      <Filter>Framework</Filter>
    </ClInclude>
    <ClInclude Include="Framework\HitBox.h">
      <Filter>Framework</Filter>
    </ClInclude>
    <ClInclude Include="Framework\GameObject.h">
      <Filter>Framework</Filter>
    </ClInclude>
    <ClInclude Include="Framework\Framework.h">
      <Filter>Framework</Filter>
    </ClInclude>
    <ClInclude Include="Framework\Defines.h">
      <Filter>Framework</Filter>
    </ClInclude>
    <ClInclude Include="Framework\DebugBox.h">
      <Filter>Framework</Filter>
    </ClInclude>
    <ClInclude Include="Framework\SpriteGo.h">
      <Filter>Framework</Filter>
    </ClInclude>
    <ClInclude Include="Framework\stdafx.h">
      <Filter>Framework</Filter>
    </ClInclude>
    <ClInclude Include="Framework\TextGo.h">
      <Filter>Framework</Filter>
    </ClInclude>
    <ClInclude Include="Framework\Utils.h">
      <Filter>Framework</Filter>
    </ClInclude>
    <ClInclude Include="Framework\Variables.h">
      <Filter>Framework</Filter>
    </ClInclude>
    <ClInclude Include="AniPlayer.h" />
    <ClInclude Include="AniPlayer2.h" />
    <ClInclude Include="Framework\UiHud.h">
      <Filter>Framework</Filter>
    </ClInclude>
    <ClInclude Include="Framework\AnimationClip.h">
      <Filter>Framework</Filter>
    </ClInclude>
    <ClInclude Include="Framework\Animator.h">
      <Filter>Framework</Filter>
    </ClInclude>
    <ClInclude Include="Framework\Database.hpp">
      <Filter>Framework</Filter>
    </ClInclude>
    <ClInclude Include="Framework\DataTable.h">
      <Filter>Framework</Filter>
    </ClInclude>
    <ClInclude Include="Framework\DataTableMgr.h">
      <Filter>Framework</Filter>
    </ClInclude>
    <ClInclude Include="Framework\json.hpp">
      <Filter>Framework</Filter>
    </ClInclude>
    <ClInclude Include="Framework\rapidcsv.h">
      <Filter>Framework</Filter>
    </ClInclude>
    <ClInclude Include="Framework\SoundMgr.h">
      <Filter>Framework</Filter>
    </ClInclude>
    <ClInclude Include="Framework\StringTable.h">
      <Filter>Framework</Filter>
    </ClInclude>
    <ClInclude Include="Framework\TileMap.h">
      <Filter>Framework</Filter>
    </ClInclude>
    <ClInclude Include="Item.h" />
    <ClInclude Include="ItemTable.h" />
    <ClInclude Include="Player.h" />
    <ClInclude Include="Enemy.h" />
    <ClInclude Include="EnemyTable.h" />
  </ItemGroup>
  <ItemGroup>
    <Filter Include="Framework">
      <UniqueIdentifier>{4dd34577-4983-46fc-92b2-2da6036c3015}</UniqueIdentifier>
    </Filter>
  </ItemGroup>
</Project>